// !$*UTF8*$!
{
	archiveVersion = 1;
	classes = {
	};
	objectVersion = 55;
	objects = {

/* Begin PBXBuildFile section */
		094EBF8029520CB70053EE3E /* HW_23_AppleMusicApp.swift in Sources */ = {isa = PBXBuildFile; fileRef = 094EBF7F29520CB70053EE3E /* HW_23_AppleMusicApp.swift */; };
		094EBF8229520CB70053EE3E /* ContentView.swift in Sources */ = {isa = PBXBuildFile; fileRef = 094EBF8129520CB70053EE3E /* ContentView.swift */; };
		094EBF8429520CBB0053EE3E /* Assets.xcassets in Resources */ = {isa = PBXBuildFile; fileRef = 094EBF8329520CBB0053EE3E /* Assets.xcassets */; };
		094EBF8729520CBB0053EE3E /* Preview Assets.xcassets in Resources */ = {isa = PBXBuildFile; fileRef = 094EBF8629520CBB0053EE3E /* Preview Assets.xcassets */; };
		094EBF8E29520E510053EE3E /* LibraryView.swift in Sources */ = {isa = PBXBuildFile; fileRef = 094EBF8D29520E510053EE3E /* LibraryView.swift */; };
		094EBF9029520E860053EE3E /* MediatekaView.swift in Sources */ = {isa = PBXBuildFile; fileRef = 094EBF8F29520E860053EE3E /* MediatekaView.swift */; };
		094EBF9229520EBF0053EE3E /* MusicPlayerView.swift in Sources */ = {isa = PBXBuildFile; fileRef = 094EBF9129520EBF0053EE3E /* MusicPlayerView.swift */; };
		094EBF9429520EEC0053EE3E /* MusicLabelView.swift in Sources */ = {isa = PBXBuildFile; fileRef = 094EBF9329520EEC0053EE3E /* MusicLabelView.swift */; };
		094EBF98295210300053EE3E /* RadioModel.swift in Sources */ = {isa = PBXBuildFile; fileRef = 094EBF97295210300053EE3E /* RadioModel.swift */; };
		094EBF9A295210520053EE3E /* RadioBigSections.swift in Sources */ = {isa = PBXBuildFile; fileRef = 094EBF99295210520053EE3E /* RadioBigSections.swift */; };
		094EBF9C295210A00053EE3E /* RadioSmallSections.swift in Sources */ = {isa = PBXBuildFile; fileRef = 094EBF9B295210A00053EE3E /* RadioSmallSections.swift */; };
		094EBF9E295210D90053EE3E /* RadioMainScreen.swift in Sources */ = {isa = PBXBuildFile; fileRef = 094EBF9D295210D90053EE3E /* RadioMainScreen.swift */; };
/* End PBXBuildFile section */

/* Begin PBXFileReference section */
		094EBF7C29520CB70053EE3E /* HW-23-AppleMusic.app */ = {isa = PBXFileReference; explicitFileType = wrapper.application; includeInIndex = 0; path = "HW-23-AppleMusic.app"; sourceTree = BUILT_PRODUCTS_DIR; };
		094EBF7F29520CB70053EE3E /* HW_23_AppleMusicApp.swift */ = {isa = PBXFileReference; lastKnownFileType = sourcecode.swift; path = HW_23_AppleMusicApp.swift; sourceTree = "<group>"; };
		094EBF8129520CB70053EE3E /* ContentView.swift */ = {isa = PBXFileReference; lastKnownFileType = sourcecode.swift; path = ContentView.swift; sourceTree = "<group>"; };
		094EBF8329520CBB0053EE3E /* Assets.xcassets */ = {isa = PBXFileReference; lastKnownFileType = folder.assetcatalog; path = Assets.xcassets; sourceTree = "<group>"; };
		094EBF8629520CBB0053EE3E /* Preview Assets.xcassets */ = {isa = PBXFileReference; lastKnownFileType = folder.assetcatalog; path = "Preview Assets.xcassets"; sourceTree = "<group>"; };
		094EBF8D29520E510053EE3E /* LibraryView.swift */ = {isa = PBXFileReference; lastKnownFileType = sourcecode.swift; path = LibraryView.swift; sourceTree = "<group>"; };
		094EBF8F29520E860053EE3E /* MediatekaView.swift */ = {isa = PBXFileReference; lastKnownFileType = sourcecode.swift; path = MediatekaView.swift; sourceTree = "<group>"; };
		094EBF9129520EBF0053EE3E /* MusicPlayerView.swift */ = {isa = PBXFileReference; lastKnownFileType = sourcecode.swift; path = MusicPlayerView.swift; sourceTree = "<group>"; };
		094EBF9329520EEC0053EE3E /* MusicLabelView.swift */ = {isa = PBXFileReference; lastKnownFileType = sourcecode.swift; path = MusicLabelView.swift; sourceTree = "<group>"; };
		094EBF97295210300053EE3E /* RadioModel.swift */ = {isa = PBXFileReference; lastKnownFileType = sourcecode.swift; path = RadioModel.swift; sourceTree = "<group>"; };
		094EBF99295210520053EE3E /* RadioBigSections.swift */ = {isa = PBXFileReference; lastKnownFileType = sourcecode.swift; path = RadioBigSections.swift; sourceTree = "<group>"; };
		094EBF9B295210A00053EE3E /* RadioSmallSections.swift */ = {isa = PBXFileReference; lastKnownFileType = sourcecode.swift; path = RadioSmallSections.swift; sourceTree = "<group>"; };
		094EBF9D295210D90053EE3E /* RadioMainScreen.swift */ = {isa = PBXFileReference; lastKnownFileType = sourcecode.swift; path = RadioMainScreen.swift; sourceTree = "<group>"; };
/* End PBXFileReference section */

/* Begin PBXFrameworksBuildPhase section */
		094EBF7929520CB70053EE3E /* Frameworks */ = {
			isa = PBXFrameworksBuildPhase;
			buildActionMask = 2147483647;
			files = (
			);
			runOnlyForDeploymentPostprocessing = 0;
		};
/* End PBXFrameworksBuildPhase section */

/* Begin PBXGroup section */
		094EBF7329520CB70053EE3E = {
			isa = PBXGroup;
			children = (
				094EBF7E29520CB70053EE3E /* HW-23-AppleMusic */,
				094EBF7D29520CB70053EE3E /* Products */,
			);
			sourceTree = "<group>";
		};
		094EBF7D29520CB70053EE3E /* Products */ = {
			isa = PBXGroup;
			children = (
				094EBF7C29520CB70053EE3E /* HW-23-AppleMusic.app */,
			);
			name = Products;
			sourceTree = "<group>";
		};
		094EBF7E29520CB70053EE3E /* HW-23-AppleMusic */ = {
			isa = PBXGroup;
			children = (
				094EBF96295210160053EE3E /* RadioScreen */,
				094EBF9529520F160053EE3E /* MainScreen */,
				094EBF7F29520CB70053EE3E /* HW_23_AppleMusicApp.swift */,
				094EBF8329520CBB0053EE3E /* Assets.xcassets */,
				094EBF8529520CBB0053EE3E /* Preview Content */,
			);
			path = "HW-23-AppleMusic";
			sourceTree = "<group>";
		};
		094EBF8529520CBB0053EE3E /* Preview Content */ = {
			isa = PBXGroup;
			children = (
				094EBF8629520CBB0053EE3E /* Preview Assets.xcassets */,
			);
			path = "Preview Content";
			sourceTree = "<group>";
		};
		094EBF9529520F160053EE3E /* MainScreen */ = {
			isa = PBXGroup;
			children = (
				094EBF8129520CB70053EE3E /* ContentView.swift */,
				094EBF8D29520E510053EE3E /* LibraryView.swift */,
				094EBF8F29520E860053EE3E /* MediatekaView.swift */,
				094EBF9129520EBF0053EE3E /* MusicPlayerView.swift */,
				094EBF9329520EEC0053EE3E /* MusicLabelView.swift */,
			);
			path = MainScreen;
			sourceTree = "<group>";
		};
		094EBF96295210160053EE3E /* RadioScreen */ = {
			isa = PBXGroup;
			children = (
				094EBF97295210300053EE3E /* RadioModel.swift */,
				094EBF99295210520053EE3E /* RadioBigSections.swift */,
				094EBF9B295210A00053EE3E /* RadioSmallSections.swift */,
				094EBF9D295210D90053EE3E /* RadioMainScreen.swift */,
			);
			path = RadioScreen;
			sourceTree = "<group>";
		};
/* End PBXGroup section */

/* Begin PBXNativeTarget section */
		094EBF7B29520CB70053EE3E /* HW-23-AppleMusic */ = {
			isa = PBXNativeTarget;
			buildConfigurationList = 094EBF8A29520CBB0053EE3E /* Build configuration list for PBXNativeTarget "HW-23-AppleMusic" */;
			buildPhases = (
				094EBF7829520CB70053EE3E /* Sources */,
				094EBF7929520CB70053EE3E /* Frameworks */,
				094EBF7A29520CB70053EE3E /* Resources */,
			);
			buildRules = (
			);
			dependencies = (
			);
			name = "HW-23-AppleMusic";
			productName = "HW-23-AppleMusic";
			productReference = 094EBF7C29520CB70053EE3E /* HW-23-AppleMusic.app */;
			productType = "com.apple.product-type.application";
		};
/* End PBXNativeTarget section */

/* Begin PBXProject section */
		094EBF7429520CB70053EE3E /* Project object */ = {
			isa = PBXProject;
			attributes = {
				BuildIndependentTargetsInParallel = 1;
				LastSwiftUpdateCheck = 1340;
				LastUpgradeCheck = 1340;
				TargetAttributes = {
					094EBF7B29520CB70053EE3E = {
						CreatedOnToolsVersion = 13.4;
					};
				};
			};
			buildConfigurationList = 094EBF7729520CB70053EE3E /* Build configuration list for PBXProject "HW-23-AppleMusic" */;
			compatibilityVersion = "Xcode 13.0";
			developmentRegion = en;
			hasScannedForEncodings = 0;
			knownRegions = (
				en,
				Base,
			);
			mainGroup = 094EBF7329520CB70053EE3E;
			productRefGroup = 094EBF7D29520CB70053EE3E /* Products */;
			projectDirPath = "";
			projectRoot = "";
			targets = (
				094EBF7B29520CB70053EE3E /* HW-23-AppleMusic */,
			);
		};
/* End PBXProject section */

/* Begin PBXResourcesBuildPhase section */
		094EBF7A29520CB70053EE3E /* Resources */ = {
			isa = PBXResourcesBuildPhase;
			buildActionMask = 2147483647;
			files = (
				094EBF8729520CBB0053EE3E /* Preview Assets.xcassets in Resources */,
				094EBF8429520CBB0053EE3E /* Assets.xcassets in Resources */,
			);
			runOnlyForDeploymentPostprocessing = 0;
		};
/* End PBXResourcesBuildPhase section */

/* Begin PBXSourcesBuildPhase section */
		094EBF7829520CB70053EE3E /* Sources */ = {
			isa = PBXSourcesBuildPhase;
			buildActionMask = 2147483647;
			files = (
				094EBF9229520EBF0053EE3E /* MusicPlayerView.swift in Sources */,
				094EBF9429520EEC0053EE3E /* MusicLabelView.swift in Sources */,
				094EBF9E295210D90053EE3E /* RadioMainScreen.swift in Sources */,
				094EBF9A295210520053EE3E /* RadioBigSections.swift in Sources */,
				094EBF8229520CB70053EE3E /* ContentView.swift in Sources */,
				094EBF98295210300053EE3E /* RadioModel.swift in Sources */,
				094EBF8E29520E510053EE3E /* LibraryView.swift in Sources */,
				094EBF9029520E860053EE3E /* MediatekaView.swift in Sources */,
				094EBF9C295210A00053EE3E /* RadioSmallSections.swift in Sources */,
				094EBF8029520CB70053EE3E /* HW_23_AppleMusicApp.swift in Sources */,
			);
			runOnlyForDeploymentPostprocessing = 0;
		};
/* End PBXSourcesBuildPhase section */

/* Begin XCBuildConfiguration section */
		094EBF8829520CBB0053EE3E /* Debug */ = {
			isa = XCBuildConfiguration;
			buildSettings = {
				ALWAYS_SEARCH_USER_PATHS = NO;
				CLANG_ANALYZER_NONNULL = YES;
				CLANG_ANALYZER_NUMBER_OBJECT_CONVERSION = YES_AGGRESSIVE;
				CLANG_CXX_LANGUAGE_STANDARD = "gnu++17";
				CLANG_ENABLE_MODULES = YES;
				CLANG_ENABLE_OBJC_ARC = YES;
				CLANG_ENABLE_OBJC_WEAK = YES;
				CLANG_WARN_BLOCK_CAPTURE_AUTORELEASING = YES;
				CLANG_WARN_BOOL_CONVERSION = YES;
				CLANG_WARN_COMMA = YES;
				CLANG_WARN_CONSTANT_CONVERSION = YES;
				CLANG_WARN_DEPRECATED_OBJC_IMPLEMENTATIONS = YES;
				CLANG_WARN_DIRECT_OBJC_ISA_USAGE = YES_ERROR;
				CLANG_WARN_DOCUMENTATION_COMMENTS = YES;
				CLANG_WARN_EMPTY_BODY = YES;
				CLANG_WARN_ENUM_CONVERSION = YES;
				CLANG_WARN_INFINITE_RECURSION = YES;
				CLANG_WARN_INT_CONVERSION = YES;
				CLANG_WARN_NON_LITERAL_NULL_CONVERSION = YES;
				CLANG_WARN_OBJC_IMPLICIT_RETAIN_SELF = YES;
				CLANG_WARN_OBJC_LITERAL_CONVERSION = YES;
				CLANG_WARN_OBJC_ROOT_CLASS = YES_ERROR;
				CLANG_WARN_QUOTED_INCLUDE_IN_FRAMEWORK_HEADER = YES;
				CLANG_WARN_RANGE_LOOP_ANALYSIS = YES;
				CLANG_WARN_STRICT_PROTOTYPES = YES;
				CLANG_WARN_SUSPICIOUS_MOVE = YES;
				CLANG_WARN_UNGUARDED_AVAILABILITY = YES_AGGRESSIVE;
				CLANG_WARN_UNREACHABLE_CODE = YES;
				CLANG_WARN__DUPLICATE_METHOD_MATCH = YES;
				COPY_PHASE_STRIP = NO;
				DEBUG_INFORMATION_FORMAT = dwarf;
				ENABLE_STRICT_OBJC_MSGSEND = YES;
				ENABLE_TESTABILITY = YES;
				GCC_C_LANGUAGE_STANDARD = gnu11;
				GCC_DYNAMIC_NO_PIC = NO;
				GCC_NO_COMMON_BLOCKS = YES;
				GCC_OPTIMIZATION_LEVEL = 0;
				GCC_PREPROCESSOR_DEFINITIONS = (
					"DEBUG=1",
					"$(inherited)",
				);
				GCC_WARN_64_TO_32_BIT_CONVERSION = YES;
				GCC_WARN_ABOUT_RETURN_TYPE = YES_ERROR;
				GCC_WARN_UNDECLARED_SELECTOR = YES;
				GCC_WARN_UNINITIALIZED_AUTOS = YES_AGGRESSIVE;
				GCC_WARN_UNUSED_FUNCTION = YES;
				GCC_WARN_UNUSED_VARIABLE = YES;
				IPHONEOS_DEPLOYMENT_TARGET = 15.5;
				MTL_ENABLE_DEBUG_INFO = INCLUDE_SOURCE;
				MTL_FAST_MATH = YES;
				ONLY_ACTIVE_ARCH = YES;
				SDKROOT = iphoneos;
				SWIFT_ACTIVE_COMPILATION_CONDITIONS = DEBUG;
				SWIFT_OPTIMIZATION_LEVEL = "-Onone";
			};
			name = Debug;
		};
		094EBF8929520CBB0053EE3E /* Release */ = {
			isa = XCBuildConfiguration;
			buildSettings = {
				ALWAYS_SEARCH_USER_PATHS = NO;
				CLANG_ANALYZER_NONNULL = YES;
				CLANG_ANALYZER_NUMBER_OBJECT_CONVERSION = YES_AGGRESSIVE;
				CLANG_CXX_LANGUAGE_STANDARD = "gnu++17";
				CLANG_ENABLE_MODULES = YES;
				CLANG_ENABLE_OBJC_ARC = YES;
				CLANG_ENABLE_OBJC_WEAK = YES;
				CLANG_WARN_BLOCK_CAPTURE_AUTORELEASING = YES;
				CLANG_WARN_BOOL_CONVERSION = YES;
				CLANG_WARN_COMMA = YES;
				CLANG_WARN_CONSTANT_CONVERSION = YES;
				CLANG_WARN_DEPRECATED_OBJC_IMPLEMENTATIONS = YES;
				CLANG_WARN_DIRECT_OBJC_ISA_USAGE = YES_ERROR;
				CLANG_WARN_DOCUMENTATION_COMMENTS = YES;
				CLANG_WARN_EMPTY_BODY = YES;
				CLANG_WARN_ENUM_CONVERSION = YES;
				CLANG_WARN_INFINITE_RECURSION = YES;
				CLANG_WARN_INT_CONVERSION = YES;
				CLANG_WARN_NON_LITERAL_NULL_CONVERSION = YES;
				CLANG_WARN_OBJC_IMPLICIT_RETAIN_SELF = YES;
				CLANG_WARN_OBJC_LITERAL_CONVERSION = YES;
				CLANG_WARN_OBJC_ROOT_CLASS = YES_ERROR;
				CLANG_WARN_QUOTED_INCLUDE_IN_FRAMEWORK_HEADER = YES;
				CLANG_WARN_RANGE_LOOP_ANALYSIS = YES;
				CLANG_WARN_STRICT_PROTOTYPES = YES;
				CLANG_WARN_SUSPICIOUS_MOVE = YES;
				CLANG_WARN_UNGUARDED_AVAILABILITY = YES_AGGRESSIVE;
				CLANG_WARN_UNREACHABLE_CODE = YES;
				CLANG_WARN__DUPLICATE_METHOD_MATCH = YES;
				COPY_PHASE_STRIP = NO;
				DEBUG_INFORMATION_FORMAT = "dwarf-with-dsym";
				ENABLE_NS_ASSERTIONS = NO;
				ENABLE_STRICT_OBJC_MSGSEND = YES;
				GCC_C_LANGUAGE_STANDARD = gnu11;
				GCC_NO_COMMON_BLOCKS = YES;
				GCC_WARN_64_TO_32_BIT_CONVERSION = YES;
				GCC_WARN_ABOUT_RETURN_TYPE = YES_ERROR;
				GCC_WARN_UNDECLARED_SELECTOR = YES;
				GCC_WARN_UNINITIALIZED_AUTOS = YES_AGGRESSIVE;
				GCC_WARN_UNUSED_FUNCTION = YES;
				GCC_WARN_UNUSED_VARIABLE = YES;
				IPHONEOS_DEPLOYMENT_TARGET = 15.5;
				MTL_ENABLE_DEBUG_INFO = NO;
				MTL_FAST_MATH = YES;
				SDKROOT = iphoneos;
				SWIFT_COMPILATION_MODE = wholemodule;
				SWIFT_OPTIMIZATION_LEVEL = "-O";
				VALIDATE_PRODUCT = YES;
			};
			name = Release;
		};
		094EBF8B29520CBB0053EE3E /* Debug */ = {
			isa = XCBuildConfiguration;
			buildSettings = {
				ASSETCATALOG_COMPILER_APPICON_NAME = AppIcon;
				ASSETCATALOG_COMPILER_GLOBAL_ACCENT_COLOR_NAME = AccentColor;
				CODE_SIGN_STYLE = Automatic;
				CURRENT_PROJECT_VERSION = 1;
				DEVELOPMENT_ASSET_PATHS = "\"HW-23-AppleMusic/Preview Content\"";
				DEVELOPMENT_TEAM = SR3FZ6563L;
				ENABLE_PREVIEWS = YES;
				GENERATE_INFOPLIST_FILE = YES;
				INFOPLIST_KEY_UIApplicationSceneManifest_Generation = YES;
				INFOPLIST_KEY_UIApplicationSupportsIndirectInputEvents = YES;
				INFOPLIST_KEY_UILaunchScreen_Generation = YES;
				INFOPLIST_KEY_UISupportedInterfaceOrientations_iPad = "UIInterfaceOrientationPortrait UIInterfaceOrientationPortraitUpsideDown UIInterfaceOrientationLandscapeLeft UIInterfaceOrientationLandscapeRight";
				INFOPLIST_KEY_UISupportedInterfaceOrientations_iPhone = "UIInterfaceOrientationPortrait UIInterfaceOrientationLandscapeLeft UIInterfaceOrientationLandscapeRight";
				LD_RUNPATH_SEARCH_PATHS = (
					"$(inherited)",
					"@executable_path/Frameworks",
				);
				MARKETING_VERSION = 1.0;
				PRODUCT_BUNDLE_IDENTIFIER = "com.my.HW-23-AppleMusic";
				PRODUCT_NAME = "$(TARGET_NAME)";
				SWIFT_EMIT_LOC_STRINGS = YES;
				SWIFT_VERSION = 5.0;
				TARGETED_DEVICE_FAMILY = "1,2";
			};
			name = Debug;
		};
		094EBF8C29520CBB0053EE3E /* Release */ = {
			isa = XCBuildConfiguration;
			buildSettings = {
				ASSETCATALOG_COMPILER_APPICON_NAME = AppIcon;
				ASSETCATALOG_COMPILER_GLOBAL_ACCENT_COLOR_NAME = AccentColor;
				CODE_SIGN_STYLE = Automatic;
				CURRENT_PROJECT_VERSION = 1;
				DEVELOPMENT_ASSET_PATHS = "\"HW-23-AppleMusic/Preview Content\"";
				DEVELOPMENT_TEAM = SR3FZ6563L;
				ENABLE_PREVIEWS = YES;
				GENERATE_INFOPLIST_FILE = YES;
				INFOPLIST_KEY_UIApplicationSceneManifest_Generation = YES;
				INFOPLIST_KEY_UIApplicationSupportsIndirectInputEvents = YES;
				INFOPLIST_KEY_UILaunchScreen_Generation = YES;
				INFOPLIST_KEY_UISupportedInterfaceOrientations_iPad = "UIInterfaceOrientationPortrait UIInterfaceOrientationPortraitUpsideDown UIInterfaceOrientationLandscapeLeft UIInterfaceOrientationLandscapeRight";
				INFOPLIST_KEY_UISupportedInterfaceOrientations_iPhone = "UIInterfaceOrientationPortrait UIInterfaceOrientationLandscapeLeft UIInterfaceOrientationLandscapeRight";
				LD_RUNPATH_SEARCH_PATHS = (
					"$(inherited)",
					"@executable_path/Frameworks",
				);
				MARKETING_VERSION = 1.0;
				PRODUCT_BUNDLE_IDENTIFIER = "com.my.HW-23-AppleMusic";
				PRODUCT_NAME = "$(TARGET_NAME)";
				SWIFT_EMIT_LOC_STRINGS = YES;
				SWIFT_VERSION = 5.0;
				TARGETED_DEVICE_FAMILY = "1,2";
			};
			name = Release;
		};
/* End XCBuildConfiguration section */

/* Begin XCConfigurationList section */
		094EBF7729520CB70053EE3E /* Build configuration list for PBXProject "HW-23-AppleMusic" */ = {
			isa = XCConfigurationList;
			buildConfigurations = (
				094EBF8829520CBB0053EE3E /* Debug */,
				094EBF8929520CBB0053EE3E /* Release */,
			);
			defaultConfigurationIsVisible = 0;
			defaultConfigurationName = Release;
		};
		094EBF8A29520CBB0053EE3E /* Build configuration list for PBXNativeTarget "HW-23-AppleMusic" */ = {
			isa = XCConfigurationList;
			buildConfigurations = (
				094EBF8B29520CBB0053EE3E /* Debug */,
				094EBF8C29520CBB0053EE3E /* Release */,
			);
			defaultConfigurationIsVisible = 0;
			defaultConfigurationName = Release;
		};
/* End XCConfigurationList section */
	};
	rootObject = 094EBF7429520CB70053EE3E /* Project object */;
}
